
Microsoft Visual Studio Solution File, Format Version 12.00
# Visual Studio 15
VisualStudioVersion = 15.0.26730.12
MinimumVisualStudioVersion = 10.0.40219.1
Project("{FAE04EC0-301F-11D3-BF4B-00C04F79EFBC}") = "PlayStation_Friend_Form_Control", "PlayStation_Friend_Form_Control\PlayStation_Friend_Form_Control.csproj", "{F03C3EE1-D10F-4557-8A1A-4A05365696E8}"
EndProject
Global
	GlobalSection(SolutionConfigurationPlatforms) = preSolution
		Debug|Any CPU = Debug|Any CPU
		Release|Any CPU = Release|Any CPU
	EndGlobalSection
	GlobalSection(ProjectConfigurationPlatforms) = postSolution
		{F03C3EE1-D10F-4557-8A1A-4A05365696E8}.Debug|Any CPU.ActiveCfg = Debug|Any CPU
		{F03C3EE1-D10F-4557-8A1A-4A05365696E8}.Debug|Any CPU.Build.0 = Debug|Any CPU
		{F03C3EE1-D10F-4557-8A1A-4A05365696E8}.Release|Any CPU.ActiveCfg = Release|Any CPU
		{F03C3EE1-D10F-4557-8A1A-4A05365696E8}.Release|Any CPU.Build.0 = Release|Any CPU
	EndGlobalSection
	GlobalSection(SolutionProperties) = preSolution
		HideSolutionNode = FALSE
	EndGlobalSection
	GlobalSection(ExtensibilityGlobals) = postSolution
		SolutionGuid = {52E7661F-8EE4-48AA-B9B1-8849565EC8F1}
	EndGlobalSection
EndGlobal
