
Microsoft Visual Studio Solution File, Format Version 12.00
# Visual Studio 15
VisualStudioVersion = 15.0.26730.12
MinimumVisualStudioVersion = 10.0.40219.1
Project("{FAE04EC0-301F-11D3-BF4B-00C04F79EFBC}") = "Mahapps_Demo", "Mahapps_Demo\Mahapps_Demo.csproj", "{A7860C97-C223-40D4-9D3F-0249DDD97972}"
EndProject
Global
	GlobalSection(SolutionConfigurationPlatforms) = preSolution
		Debug|Any CPU = Debug|Any CPU
		Release|Any CPU = Release|Any CPU
	EndGlobalSection
	GlobalSection(ProjectConfigurationPlatforms) = postSolution
		{A7860C97-C223-40D4-9D3F-0249DDD97972}.Debug|Any CPU.ActiveCfg = Debug|Any CPU
		{A7860C97-C223-40D4-9D3F-0249DDD97972}.Debug|Any CPU.Build.0 = Debug|Any CPU
		{A7860C97-C223-40D4-9D3F-0249DDD97972}.Release|Any CPU.ActiveCfg = Release|Any CPU
		{A7860C97-C223-40D4-9D3F-0249DDD97972}.Release|Any CPU.Build.0 = Release|Any CPU
	EndGlobalSection
	GlobalSection(SolutionProperties) = preSolution
		HideSolutionNode = FALSE
	EndGlobalSection
	GlobalSection(ExtensibilityGlobals) = postSolution
		SolutionGuid = {D91F6F10-8BEF-4282-A3FF-2015BFD22098}
	EndGlobalSection
EndGlobal
